# This file was autogenerated by Stack.
# You should not edit this file by hand.
# For more information, please see the documentation at:
#   https://docs.haskellstack.org/en/stable/lock_files

packages: []
snapshots:
- completed:
    size: 616134
    url: https://raw.githubusercontent.com/commercialhaskell/stackage-snapshots/master/nightly/2022/7/6.yaml
    sha256: 916a1b5ea8abca4863f62f4662f1b630d01ed795c54d49e238b1d128609fb113
  original: nightly-2022-07-06
